github.com/Try431/EasyMIDI v0.0.0-20190921213858-238fe2946087 h1:dXDwjgIHMgL4zow9ixgTslZ3cWZHHIu3+FurDjDC6wA=
github.com/Try431/EasyMIDI v0.0.0-20190921213858-238fe2946087/go.mod h1:c/dd/WkUR9yfzjC9sPO9J0vh5TzTmE8ryAvEviTDwgg=
github.com/Try431/EasyMIDI v1.0.0 h1:SpJVl6uFqKv11s2t6SKVH+5+u57chBGKdQ+05shN+/M=
github.com/Try431/EasyMIDI v1.0.0/go.mod h1:c/dd/WkUR9yfzjC9sPO9J0vh5TzTmE8ryAvEviTDwgg=
github.com/Try431/EasyMIDI v1.0.1 h1:56Vb+lwdgf7fXPx8mDtXY86KPiOq/jcU5rVG+OUY9WQ=
github.com/Try431/EasyMIDI v1.0.1/go.mod h1:G2Hh7MmGyph2YRKHBcfMeH78kmRGo1nwo0Gy9TkzdAc=
